
Microsoft Visual Studio Solution File, Format Version 12.00
# Visual Studio Version 17
VisualStudioVersion = 17.9.34714.143
MinimumVisualStudioVersion = 10.0.40219.1
Project("{FAE04EC0-301F-11D3-BF4B-00C04F79EFBC}") = "XOgame_x2", "XOgame_x2.csproj", "{8B2D5535-10D2-4825-A17C-CE14E03AC2A2}"
EndProject
Project("{FAE04EC0-301F-11D3-BF4B-00C04F79EFBC}") = "XOConsole", "..\XOConsole\XOConsole.csproj", "{350E93CC-C4CE-4E22-BFA2-52A0E59AFC55}"
EndProject
Global
	GlobalSection(SolutionConfigurationPlatforms) = preSolution
		Debug|Any CPU = Debug|Any CPU
		Release|Any CPU = Release|Any CPU
	EndGlobalSection
	GlobalSection(ProjectConfigurationPlatforms) = postSolution
		{8B2D5535-10D2-4825-A17C-CE14E03AC2A2}.Debug|Any CPU.ActiveCfg = Debug|Any CPU
		{8B2D5535-10D2-4825-A17C-CE14E03AC2A2}.Debug|Any CPU.Build.0 = Debug|Any CPU
		{8B2D5535-10D2-4825-A17C-CE14E03AC2A2}.Release|Any CPU.ActiveCfg = Release|Any CPU
		{8B2D5535-10D2-4825-A17C-CE14E03AC2A2}.Release|Any CPU.Build.0 = Release|Any CPU
		{350E93CC-C4CE-4E22-BFA2-52A0E59AFC55}.Debug|Any CPU.ActiveCfg = Debug|Any CPU
		{350E93CC-C4CE-4E22-BFA2-52A0E59AFC55}.Debug|Any CPU.Build.0 = Debug|Any CPU
		{350E93CC-C4CE-4E22-BFA2-52A0E59AFC55}.Release|Any CPU.ActiveCfg = Release|Any CPU
		{350E93CC-C4CE-4E22-BFA2-52A0E59AFC55}.Release|Any CPU.Build.0 = Release|Any CPU
	EndGlobalSection
	GlobalSection(SolutionProperties) = preSolution
		HideSolutionNode = FALSE
	EndGlobalSection
	GlobalSection(ExtensibilityGlobals) = postSolution
		SolutionGuid = {E3FF2F9E-B189-4501-AEFD-58DCA6C29A38}
	EndGlobalSection
EndGlobal
